
Microsoft Visual Studio Solution File, Format Version 12.00
# Visual Studio Version 17
VisualStudioVersion = 17.10.35027.167
MinimumVisualStudioVersion = 10.0.40219.1
Project("{9A19103F-16F7-4668-BE54-9A1E7A4F7556}") = "RedeemGiftAPI", "RedeemGiftAPI.csproj", "{3E99FC12-D125-4FEB-8633-7389B51786D5}"
EndProject
Global
	GlobalSection(SolutionConfigurationPlatforms) = preSolution
		Debug|Any CPU = Debug|Any CPU
		Release|Any CPU = Release|Any CPU
	EndGlobalSection
	GlobalSection(ProjectConfigurationPlatforms) = postSolution
		{3E99FC12-D125-4FEB-8633-7389B51786D5}.Debug|Any CPU.ActiveCfg = Debug|Any CPU
		{3E99FC12-D125-4FEB-8633-7389B51786D5}.Debug|Any CPU.Build.0 = Debug|Any CPU
		{3E99FC12-D125-4FEB-8633-7389B51786D5}.Release|Any CPU.ActiveCfg = Release|Any CPU
		{3E99FC12-D125-4FEB-8633-7389B51786D5}.Release|Any CPU.Build.0 = Release|Any CPU
	EndGlobalSection
	GlobalSection(SolutionProperties) = preSolution
		HideSolutionNode = FALSE
	EndGlobalSection
	GlobalSection(ExtensibilityGlobals) = postSolution
		SolutionGuid = {D99DEAEA-B21C-43CF-874E-D59F07EF7187}
	EndGlobalSection
EndGlobal
